// !$*UTF8*$!
{
	archiveVersion = 1;
	classes = {
	};
	objectVersion = 55;
	objects = {

/* Begin PBXBuildFile section */
		35B7DA748611F0125C6DBE81 /* Pods_TwitterClone.framework in Frameworks */ = {isa = PBXBuildFile; fileRef = B452EED56130B55B710D762E /* Pods_TwitterClone.framework */; };
		CE10394D2905882B00EDE5B7 /* ProfileHeader.swift in Sources */ = {isa = PBXBuildFile; fileRef = CE10394C2905882B00EDE5B7 /* ProfileHeader.swift */; };
		CE10394F290594B800EDE5B7 /* ProfileFIlterView.swift in Sources */ = {isa = PBXBuildFile; fileRef = CE10394E290594B800EDE5B7 /* ProfileFIlterView.swift */; };
		CE1039512905972A00EDE5B7 /* ProfileFilterCell.swift in Sources */ = {isa = PBXBuildFile; fileRef = CE1039502905972A00EDE5B7 /* ProfileFilterCell.swift */; };
		CE1039532906336900EDE5B7 /* ProfileHeaderViewModel.swift in Sources */ = {isa = PBXBuildFile; fileRef = CE1039522906336900EDE5B7 /* ProfileHeaderViewModel.swift */; };
		CE103955290696DD00EDE5B7 /* UserCell.swift in Sources */ = {isa = PBXBuildFile; fileRef = CE103954290696DD00EDE5B7 /* UserCell.swift */; };
		CE1039572907AF0400EDE5B7 /* TweetController.swift in Sources */ = {isa = PBXBuildFile; fileRef = CE1039562907AF0400EDE5B7 /* TweetController.swift */; };
		CE1039592907B3F300EDE5B7 /* TweetHeader.swift in Sources */ = {isa = PBXBuildFile; fileRef = CE1039582907B3F300EDE5B7 /* TweetHeader.swift */; };
		CE10395B290830FD00EDE5B7 /* UploadTweetViewModel.swift in Sources */ = {isa = PBXBuildFile; fileRef = CE10395A290830FD00EDE5B7 /* UploadTweetViewModel.swift */; };
		CE2153A7290AF6F80076EEAC /* NotificationCell.swift in Sources */ = {isa = PBXBuildFile; fileRef = CE2153A6290AF6F80076EEAC /* NotificationCell.swift */; };
		CE55C118290005FB00CF6947 /* Constants.swift in Sources */ = {isa = PBXBuildFile; fileRef = CE55C117290005FB00CF6947 /* Constants.swift */; };
		CE55C11A2900441600CF6947 /* AuthService.swift in Sources */ = {isa = PBXBuildFile; fileRef = CE55C1192900441600CF6947 /* AuthService.swift */; };
		CE79A3DB29118EFD004AA7A2 /* EditProfileHeader.swift in Sources */ = {isa = PBXBuildFile; fileRef = CE79A3DA29118EFD004AA7A2 /* EditProfileHeader.swift */; };
		CE79A3DD29119434004AA7A2 /* EditProfileViewModel.swift in Sources */ = {isa = PBXBuildFile; fileRef = CE79A3DC29119433004AA7A2 /* EditProfileViewModel.swift */; };
		CE79A3DF291194D0004AA7A2 /* EditProfileCell.swift in Sources */ = {isa = PBXBuildFile; fileRef = CE79A3DE291194D0004AA7A2 /* EditProfileCell.swift */; };
		CEAE103E28FA5BBD0090DE67 /* GoogleService-Info.plist in Resources */ = {isa = PBXBuildFile; fileRef = CEAE103D28FA5BBD0090DE67 /* GoogleService-Info.plist */; };
		CEBEC5E62902874A001A3BF7 /* UserService.swift in Sources */ = {isa = PBXBuildFile; fileRef = CEBEC5E52902874A001A3BF7 /* UserService.swift */; };
		CEBEC5E829028EBC001A3BF7 /* User.swift in Sources */ = {isa = PBXBuildFile; fileRef = CEBEC5E729028EBC001A3BF7 /* User.swift */; };
		CEC0213E290E354E0061BE8B /* NotificationViewModel.swift in Sources */ = {isa = PBXBuildFile; fileRef = CEC0213D290E354E0061BE8B /* NotificationViewModel.swift */; };
		CEC1AA4329118484003C8CD8 /* EditProfileController.swift in Sources */ = {isa = PBXBuildFile; fileRef = CEC1AA4229118484003C8CD8 /* EditProfileController.swift */; };
		CEC1FECC2909456E001AFB0F /* ActionSheetLauncher.swift in Sources */ = {isa = PBXBuildFile; fileRef = CEC1FECB2909456E001AFB0F /* ActionSheetLauncher.swift */; };
		CEC1FECE29097715001AFB0F /* ActionSheetCell.swift in Sources */ = {isa = PBXBuildFile; fileRef = CEC1FECD29097715001AFB0F /* ActionSheetCell.swift */; };
		CEC1FED029099E45001AFB0F /* ActionSheetViewModel.swift in Sources */ = {isa = PBXBuildFile; fileRef = CEC1FECF29099E45001AFB0F /* ActionSheetViewModel.swift */; };
		CEC1FED2290AC7EC001AFB0F /* Notification.swift in Sources */ = {isa = PBXBuildFile; fileRef = CEC1FED1290AC7EC001AFB0F /* Notification.swift */; };
		CEC1FED4290AED08001AFB0F /* NotificationService.swift in Sources */ = {isa = PBXBuildFile; fileRef = CEC1FED3290AED08001AFB0F /* NotificationService.swift */; };
		CECA03E12903093200EEBAC4 /* UploadTweetController.swift in Sources */ = {isa = PBXBuildFile; fileRef = CECA03E02903093200EEBAC4 /* UploadTweetController.swift */; };
		CECA03E3290315DA00EEBAC4 /* InputTextView.swift in Sources */ = {isa = PBXBuildFile; fileRef = CECA03E2290315DA00EEBAC4 /* InputTextView.swift */; };
		CECA03E529031AC300EEBAC4 /* TweetService.swift in Sources */ = {isa = PBXBuildFile; fileRef = CECA03E429031AC300EEBAC4 /* TweetService.swift */; };
		CECA03E72904FE4700EEBAC4 /* Tweet.swift in Sources */ = {isa = PBXBuildFile; fileRef = CECA03E62904FE4600EEBAC4 /* Tweet.swift */; };
		CECA03E9290508EA00EEBAC4 /* TweetCell.swift in Sources */ = {isa = PBXBuildFile; fileRef = CECA03E8290508EA00EEBAC4 /* TweetCell.swift */; };
		CECA03EB290550A800EEBAC4 /* TweetViewModel.swift in Sources */ = {isa = PBXBuildFile; fileRef = CECA03EA290550A800EEBAC4 /* TweetViewModel.swift */; };
		CECA03ED290559FF00EEBAC4 /* ProfileController.swift in Sources */ = {isa = PBXBuildFile; fileRef = CECA03EC290559FF00EEBAC4 /* ProfileController.swift */; };
		CEFDE20D28F6804300D17D2D /* AppDelegate.swift in Sources */ = {isa = PBXBuildFile; fileRef = CEFDE20C28F6804300D17D2D /* AppDelegate.swift */; };
		CEFDE20F28F6804300D17D2D /* SceneDelegate.swift in Sources */ = {isa = PBXBuildFile; fileRef = CEFDE20E28F6804300D17D2D /* SceneDelegate.swift */; };
		CEFDE21428F6804300D17D2D /* Main.storyboard in Resources */ = {isa = PBXBuildFile; fileRef = CEFDE21228F6804300D17D2D /* Main.storyboard */; };
		CEFDE21628F6804600D17D2D /* Assets.xcassets in Resources */ = {isa = PBXBuildFile; fileRef = CEFDE21528F6804600D17D2D /* Assets.xcassets */; };
		CEFDE21928F6804600D17D2D /* LaunchScreen.storyboard in Resources */ = {isa = PBXBuildFile; fileRef = CEFDE21728F6804600D17D2D /* LaunchScreen.storyboard */; };
		CEFDE22728F6829800D17D2D /* MainTabController.swift in Sources */ = {isa = PBXBuildFile; fileRef = CEFDE22628F6829800D17D2D /* MainTabController.swift */; };
		CEFDE22928F684F100D17D2D /* FeedController.swift in Sources */ = {isa = PBXBuildFile; fileRef = CEFDE22828F684F100D17D2D /* FeedController.swift */; };
		CEFDE22B28F6859600D17D2D /* ExploreController.swift in Sources */ = {isa = PBXBuildFile; fileRef = CEFDE22A28F6859600D17D2D /* ExploreController.swift */; };
		CEFDE22D28F685B000D17D2D /* NotificationsController.swift in Sources */ = {isa = PBXBuildFile; fileRef = CEFDE22C28F685B000D17D2D /* NotificationsController.swift */; };
		CEFDE22F28F685BF00D17D2D /* ConversationsController.swift in Sources */ = {isa = PBXBuildFile; fileRef = CEFDE22E28F685BF00D17D2D /* ConversationsController.swift */; };
		CEFDE23128F6A1D200D17D2D /* Extensions.swift in Sources */ = {isa = PBXBuildFile; fileRef = CEFDE23028F6A1D200D17D2D /* Extensions.swift */; };
		CEFDE23428F6AA9B00D17D2D /* LoginController.swift in Sources */ = {isa = PBXBuildFile; fileRef = CEFDE23328F6AA9B00D17D2D /* LoginController.swift */; };
		CEFDE23628F6ABD900D17D2D /* RegisteractionController.swift in Sources */ = {isa = PBXBuildFile; fileRef = CEFDE23528F6ABD900D17D2D /* RegisteractionController.swift */; };
		CEFDE23828F7A2C300D17D2D /* Utilities.swift in Sources */ = {isa = PBXBuildFile; fileRef = CEFDE23728F7A2C300D17D2D /* Utilities.swift */; };
/* End PBXBuildFile section */

/* Begin PBXFileReference section */
		1431243628B5F3498FDEB5C1 /* Pods-TwitterClone.debug.xcconfig */ = {isa = PBXFileReference; includeInIndex = 1; lastKnownFileType = text.xcconfig; name = "Pods-TwitterClone.debug.xcconfig"; path = "Target Support Files/Pods-TwitterClone/Pods-TwitterClone.debug.xcconfig"; sourceTree = "<group>"; };
		575422C39B6158D2330A1395 /* Pods-TwitterClone.release.xcconfig */ = {isa = PBXFileReference; includeInIndex = 1; lastKnownFileType = text.xcconfig; name = "Pods-TwitterClone.release.xcconfig"; path = "Target Support Files/Pods-TwitterClone/Pods-TwitterClone.release.xcconfig"; sourceTree = "<group>"; };
		B452EED56130B55B710D762E /* Pods_TwitterClone.framework */ = {isa = PBXFileReference; explicitFileType = wrapper.framework; includeInIndex = 0; path = Pods_TwitterClone.framework; sourceTree = BUILT_PRODUCTS_DIR; };
		CE10394C2905882B00EDE5B7 /* ProfileHeader.swift */ = {isa = PBXFileReference; lastKnownFileType = sourcecode.swift; path = ProfileHeader.swift; sourceTree = "<group>"; };
		CE10394E290594B800EDE5B7 /* ProfileFIlterView.swift */ = {isa = PBXFileReference; lastKnownFileType = sourcecode.swift; path = ProfileFIlterView.swift; sourceTree = "<group>"; };
		CE1039502905972A00EDE5B7 /* ProfileFilterCell.swift */ = {isa = PBXFileReference; lastKnownFileType = sourcecode.swift; path = ProfileFilterCell.swift; sourceTree = "<group>"; };
		CE1039522906336900EDE5B7 /* ProfileHeaderViewModel.swift */ = {isa = PBXFileReference; lastKnownFileType = sourcecode.swift; path = ProfileHeaderViewModel.swift; sourceTree = "<group>"; };
		CE103954290696DD00EDE5B7 /* UserCell.swift */ = {isa = PBXFileReference; lastKnownFileType = sourcecode.swift; path = UserCell.swift; sourceTree = "<group>"; };
		CE1039562907AF0400EDE5B7 /* TweetController.swift */ = {isa = PBXFileReference; lastKnownFileType = sourcecode.swift; path = TweetController.swift; sourceTree = "<group>"; };
		CE1039582907B3F300EDE5B7 /* TweetHeader.swift */ = {isa = PBXFileReference; lastKnownFileType = sourcecode.swift; path = TweetHeader.swift; sourceTree = "<group>"; };
		CE10395A290830FD00EDE5B7 /* UploadTweetViewModel.swift */ = {isa = PBXFileReference; lastKnownFileType = sourcecode.swift; path = UploadTweetViewModel.swift; sourceTree = "<group>"; };
		CE2153A6290AF6F80076EEAC /* NotificationCell.swift */ = {isa = PBXFileReference; lastKnownFileType = sourcecode.swift; path = NotificationCell.swift; sourceTree = "<group>"; };
		CE55C117290005FB00CF6947 /* Constants.swift */ = {isa = PBXFileReference; lastKnownFileType = sourcecode.swift; path = Constants.swift; sourceTree = "<group>"; };
		CE55C1192900441600CF6947 /* AuthService.swift */ = {isa = PBXFileReference; lastKnownFileType = sourcecode.swift; path = AuthService.swift; sourceTree = "<group>"; };
		CE79A3DA29118EFD004AA7A2 /* EditProfileHeader.swift */ = {isa = PBXFileReference; lastKnownFileType = sourcecode.swift; path = EditProfileHeader.swift; sourceTree = "<group>"; };
		CE79A3DC29119433004AA7A2 /* EditProfileViewModel.swift */ = {isa = PBXFileReference; lastKnownFileType = sourcecode.swift; path = EditProfileViewModel.swift; sourceTree = "<group>"; };
		CE79A3DE291194D0004AA7A2 /* EditProfileCell.swift */ = {isa = PBXFileReference; lastKnownFileType = sourcecode.swift; path = EditProfileCell.swift; sourceTree = "<group>"; };
		CEAE103D28FA5BBD0090DE67 /* GoogleService-Info.plist */ = {isa = PBXFileReference; lastKnownFileType = text.plist; path = "GoogleService-Info.plist"; sourceTree = SOURCE_ROOT; };
		CEBEC5E52902874A001A3BF7 /* UserService.swift */ = {isa = PBXFileReference; lastKnownFileType = sourcecode.swift; path = UserService.swift; sourceTree = "<group>"; };
		CEBEC5E729028EBC001A3BF7 /* User.swift */ = {isa = PBXFileReference; lastKnownFileType = sourcecode.swift; path = User.swift; sourceTree = "<group>"; };
		CEC0213D290E354E0061BE8B /* NotificationViewModel.swift */ = {isa = PBXFileReference; lastKnownFileType = sourcecode.swift; path = NotificationViewModel.swift; sourceTree = "<group>"; };
		CEC1AA4229118484003C8CD8 /* EditProfileController.swift */ = {isa = PBXFileReference; lastKnownFileType = sourcecode.swift; path = EditProfileController.swift; sourceTree = "<group>"; };
		CEC1FECB2909456E001AFB0F /* ActionSheetLauncher.swift */ = {isa = PBXFileReference; lastKnownFileType = sourcecode.swift; path = ActionSheetLauncher.swift; sourceTree = "<group>"; };
		CEC1FECD29097715001AFB0F /* ActionSheetCell.swift */ = {isa = PBXFileReference; lastKnownFileType = sourcecode.swift; path = ActionSheetCell.swift; sourceTree = "<group>"; };
		CEC1FECF29099E45001AFB0F /* ActionSheetViewModel.swift */ = {isa = PBXFileReference; lastKnownFileType = sourcecode.swift; path = ActionSheetViewModel.swift; sourceTree = "<group>"; };
		CEC1FED1290AC7EC001AFB0F /* Notification.swift */ = {isa = PBXFileReference; lastKnownFileType = sourcecode.swift; path = Notification.swift; sourceTree = "<group>"; };
		CEC1FED3290AED08001AFB0F /* NotificationService.swift */ = {isa = PBXFileReference; lastKnownFileType = sourcecode.swift; path = NotificationService.swift; sourceTree = "<group>"; };
		CECA03E02903093200EEBAC4 /* UploadTweetController.swift */ = {isa = PBXFileReference; lastKnownFileType = sourcecode.swift; path = UploadTweetController.swift; sourceTree = "<group>"; };
		CECA03E2290315DA00EEBAC4 /* InputTextView.swift */ = {isa = PBXFileReference; lastKnownFileType = sourcecode.swift; path = InputTextView.swift; sourceTree = "<group>"; };
		CECA03E429031AC300EEBAC4 /* TweetService.swift */ = {isa = PBXFileReference; lastKnownFileType = sourcecode.swift; path = TweetService.swift; sourceTree = "<group>"; };
		CECA03E62904FE4600EEBAC4 /* Tweet.swift */ = {isa = PBXFileReference; lastKnownFileType = sourcecode.swift; path = Tweet.swift; sourceTree = "<group>"; };
		CECA03E8290508EA00EEBAC4 /* TweetCell.swift */ = {isa = PBXFileReference; lastKnownFileType = sourcecode.swift; path = TweetCell.swift; sourceTree = "<group>"; };
		CECA03EA290550A800EEBAC4 /* TweetViewModel.swift */ = {isa = PBXFileReference; lastKnownFileType = sourcecode.swift; path = TweetViewModel.swift; sourceTree = "<group>"; };
		CECA03EC290559FF00EEBAC4 /* ProfileController.swift */ = {isa = PBXFileReference; lastKnownFileType = sourcecode.swift; path = ProfileController.swift; sourceTree = "<group>"; };
		CEFDE20928F6804300D17D2D /* TwitterClone.app */ = {isa = PBXFileReference; explicitFileType = wrapper.application; includeInIndex = 0; path = TwitterClone.app; sourceTree = BUILT_PRODUCTS_DIR; };
		CEFDE20C28F6804300D17D2D /* AppDelegate.swift */ = {isa = PBXFileReference; lastKnownFileType = sourcecode.swift; path = AppDelegate.swift; sourceTree = "<group>"; };
		CEFDE20E28F6804300D17D2D /* SceneDelegate.swift */ = {isa = PBXFileReference; lastKnownFileType = sourcecode.swift; path = SceneDelegate.swift; sourceTree = "<group>"; };
		CEFDE21328F6804300D17D2D /* Base */ = {isa = PBXFileReference; lastKnownFileType = file.storyboard; name = Base; path = Base.lproj/Main.storyboard; sourceTree = "<group>"; };
		CEFDE21528F6804600D17D2D /* Assets.xcassets */ = {isa = PBXFileReference; lastKnownFileType = folder.assetcatalog; path = Assets.xcassets; sourceTree = "<group>"; };
		CEFDE21828F6804600D17D2D /* Base */ = {isa = PBXFileReference; lastKnownFileType = file.storyboard; name = Base; path = Base.lproj/LaunchScreen.storyboard; sourceTree = "<group>"; };
		CEFDE21A28F6804600D17D2D /* Info.plist */ = {isa = PBXFileReference; lastKnownFileType = text.plist.xml; path = Info.plist; sourceTree = "<group>"; };
		CEFDE22628F6829800D17D2D /* MainTabController.swift */ = {isa = PBXFileReference; lastKnownFileType = sourcecode.swift; path = MainTabController.swift; sourceTree = "<group>"; };
		CEFDE22828F684F100D17D2D /* FeedController.swift */ = {isa = PBXFileReference; lastKnownFileType = sourcecode.swift; path = FeedController.swift; sourceTree = "<group>"; };
		CEFDE22A28F6859600D17D2D /* ExploreController.swift */ = {isa = PBXFileReference; lastKnownFileType = sourcecode.swift; path = ExploreController.swift; sourceTree = "<group>"; };
		CEFDE22C28F685B000D17D2D /* NotificationsController.swift */ = {isa = PBXFileReference; lastKnownFileType = sourcecode.swift; path = NotificationsController.swift; sourceTree = "<group>"; };
		CEFDE22E28F685BF00D17D2D /* ConversationsController.swift */ = {isa = PBXFileReference; lastKnownFileType = sourcecode.swift; path = ConversationsController.swift; sourceTree = "<group>"; };
		CEFDE23028F6A1D200D17D2D /* Extensions.swift */ = {isa = PBXFileReference; lastKnownFileType = sourcecode.swift; path = Extensions.swift; sourceTree = "<group>"; };
		CEFDE23328F6AA9B00D17D2D /* LoginController.swift */ = {isa = PBXFileReference; lastKnownFileType = sourcecode.swift; path = LoginController.swift; sourceTree = "<group>"; };
		CEFDE23528F6ABD900D17D2D /* RegisteractionController.swift */ = {isa = PBXFileReference; lastKnownFileType = sourcecode.swift; path = RegisteractionController.swift; sourceTree = "<group>"; };
		CEFDE23728F7A2C300D17D2D /* Utilities.swift */ = {isa = PBXFileReference; lastKnownFileType = sourcecode.swift; path = Utilities.swift; sourceTree = "<group>"; };
/* End PBXFileReference section */

/* Begin PBXFrameworksBuildPhase section */
		CEFDE20628F6804300D17D2D /* Frameworks */ = {
			isa = PBXFrameworksBuildPhase;
			buildActionMask = 2147483647;
			files = (
				35B7DA748611F0125C6DBE81 /* Pods_TwitterClone.framework in Frameworks */,
			);
			runOnlyForDeploymentPostprocessing = 0;
		};
/* End PBXFrameworksBuildPhase section */

/* Begin PBXGroup section */
		24C7D64D423F0DE27C2483BE /* Pods */ = {
			isa = PBXGroup;
			children = (
				1431243628B5F3498FDEB5C1 /* Pods-TwitterClone.debug.xcconfig */,
				575422C39B6158D2330A1395 /* Pods-TwitterClone.release.xcconfig */,
			);
			path = Pods;
			sourceTree = "<group>";
		};
		CE79A3D929118ECC004AA7A2 /* Profile */ = {
			isa = PBXGroup;
			children = (
				CE10394C2905882B00EDE5B7 /* ProfileHeader.swift */,
				CE10394E290594B800EDE5B7 /* ProfileFIlterView.swift */,
				CE1039502905972A00EDE5B7 /* ProfileFilterCell.swift */,
				CE79A3DA29118EFD004AA7A2 /* EditProfileHeader.swift */,
				CE79A3DE291194D0004AA7A2 /* EditProfileCell.swift */,
			);
			path = Profile;
			sourceTree = "<group>";
		};
		CEFDE20028F6804300D17D2D = {
			isa = PBXGroup;
			children = (
				CEFDE20B28F6804300D17D2D /* TwitterClone */,
				CEFDE20A28F6804300D17D2D /* Products */,
				24C7D64D423F0DE27C2483BE /* Pods */,
				E578707024A0C18112A165FB /* Frameworks */,
			);
			sourceTree = "<group>";
		};
		CEFDE20A28F6804300D17D2D /* Products */ = {
			isa = PBXGroup;
			children = (
				CEFDE20928F6804300D17D2D /* TwitterClone.app */,
			);
			name = Products;
			sourceTree = "<group>";
		};
		CEFDE20B28F6804300D17D2D /* TwitterClone */ = {
			isa = PBXGroup;
			children = (
				CEFDE22528F681BA00D17D2D /* Model */,
				CEFDE22428F681B400D17D2D /* View */,
				CEFDE22328F681B000D17D2D /* ViewModel */,
				CEFDE22228F681AB00D17D2D /* Contoller */,
				CEFDE22128F681A700D17D2D /* API */,
				CEFDE22028F6819B00D17D2D /* Utils */,
				CEFDE20C28F6804300D17D2D /* AppDelegate.swift */,
				CEFDE20E28F6804300D17D2D /* SceneDelegate.swift */,
				CEFDE21228F6804300D17D2D /* Main.storyboard */,
				CEFDE21528F6804600D17D2D /* Assets.xcassets */,
				CEFDE21728F6804600D17D2D /* LaunchScreen.storyboard */,
				CEFDE21A28F6804600D17D2D /* Info.plist */,
				CEAE103D28FA5BBD0090DE67 /* GoogleService-Info.plist */,
			);
			path = TwitterClone;
			sourceTree = "<group>";
		};
		CEFDE22028F6819B00D17D2D /* Utils */ = {
			isa = PBXGroup;
			children = (
				CEFDE23028F6A1D200D17D2D /* Extensions.swift */,
				CEFDE23728F7A2C300D17D2D /* Utilities.swift */,
				CE55C117290005FB00CF6947 /* Constants.swift */,
				CEC1FECB2909456E001AFB0F /* ActionSheetLauncher.swift */,
			);
			path = Utils;
			sourceTree = "<group>";
		};
		CEFDE22128F681A700D17D2D /* API */ = {
			isa = PBXGroup;
			children = (
				CE55C1192900441600CF6947 /* AuthService.swift */,
				CEBEC5E52902874A001A3BF7 /* UserService.swift */,
				CECA03E429031AC300EEBAC4 /* TweetService.swift */,
				CEC1FED3290AED08001AFB0F /* NotificationService.swift */,
			);
			path = API;
			sourceTree = "<group>";
		};
		CEFDE22228F681AB00D17D2D /* Contoller */ = {
			isa = PBXGroup;
			children = (
				CEFDE23228F6AA7800D17D2D /* Authentication */,
				CEFDE22628F6829800D17D2D /* MainTabController.swift */,
				CEFDE22828F684F100D17D2D /* FeedController.swift */,
				CEFDE22A28F6859600D17D2D /* ExploreController.swift */,
				CEFDE22C28F685B000D17D2D /* NotificationsController.swift */,
				CEFDE22E28F685BF00D17D2D /* ConversationsController.swift */,
				CECA03E02903093200EEBAC4 /* UploadTweetController.swift */,
				CECA03EC290559FF00EEBAC4 /* ProfileController.swift */,
				CE1039562907AF0400EDE5B7 /* TweetController.swift */,
				CEC1AA4229118484003C8CD8 /* EditProfileController.swift */,
			);
			path = Contoller;
			sourceTree = "<group>";
		};
		CEFDE22328F681B000D17D2D /* ViewModel */ = {
			isa = PBXGroup;
			children = (
				CECA03EA290550A800EEBAC4 /* TweetViewModel.swift */,
				CE1039522906336900EDE5B7 /* ProfileHeaderViewModel.swift */,
				CE10395A290830FD00EDE5B7 /* UploadTweetViewModel.swift */,
				CEC1FECF29099E45001AFB0F /* ActionSheetViewModel.swift */,
				CEC0213D290E354E0061BE8B /* NotificationViewModel.swift */,
				CE79A3DC29119433004AA7A2 /* EditProfileViewModel.swift */,
			);
			path = ViewModel;
			sourceTree = "<group>";
		};
		CEFDE22428F681B400D17D2D /* View */ = {
			isa = PBXGroup;
			children = (
				CE79A3D929118ECC004AA7A2 /* Profile */,
				CECA03E2290315DA00EEBAC4 /* InputTextView.swift */,
				CECA03E8290508EA00EEBAC4 /* TweetCell.swift */,
				CE103954290696DD00EDE5B7 /* UserCell.swift */,
				CE1039582907B3F300EDE5B7 /* TweetHeader.swift */,
				CEC1FECD29097715001AFB0F /* ActionSheetCell.swift */,
				CE2153A6290AF6F80076EEAC /* NotificationCell.swift */,
			);
			path = View;
			sourceTree = "<group>";
		};
		CEFDE22528F681BA00D17D2D /* Model */ = {
			isa = PBXGroup;
			children = (
				CEBEC5E729028EBC001A3BF7 /* User.swift */,
				CECA03E62904FE4600EEBAC4 /* Tweet.swift */,
				CEC1FED1290AC7EC001AFB0F /* Notification.swift */,
			);
			path = Model;
			sourceTree = "<group>";
		};
		CEFDE23228F6AA7800D17D2D /* Authentication */ = {
			isa = PBXGroup;
			children = (
				CEFDE23328F6AA9B00D17D2D /* LoginController.swift */,
				CEFDE23528F6ABD900D17D2D /* RegisteractionController.swift */,
			);
			path = Authentication;
			sourceTree = "<group>";
		};
		E578707024A0C18112A165FB /* Frameworks */ = {
			isa = PBXGroup;
			children = (
				B452EED56130B55B710D762E /* Pods_TwitterClone.framework */,
			);
			name = Frameworks;
			sourceTree = "<group>";
		};
/* End PBXGroup section */

/* Begin PBXNativeTarget section */
		CEFDE20828F6804300D17D2D /* TwitterClone */ = {
			isa = PBXNativeTarget;
			buildConfigurationList = CEFDE21D28F6804600D17D2D /* Build configuration list for PBXNativeTarget "TwitterClone" */;
			buildPhases = (
				9982730E2857A16B518F1670 /* [CP] Check Pods Manifest.lock */,
				CEFDE20528F6804300D17D2D /* Sources */,
				CEFDE20628F6804300D17D2D /* Frameworks */,
				CEFDE20728F6804300D17D2D /* Resources */,
				206DFD2F1CDB607022DC400C /* [CP] Embed Pods Frameworks */,
			);
			buildRules = (
			);
			dependencies = (
			);
			name = TwitterClone;
			productName = TwitterClone;
			productReference = CEFDE20928F6804300D17D2D /* TwitterClone.app */;
			productType = "com.apple.product-type.application";
		};
/* End PBXNativeTarget section */

/* Begin PBXProject section */
		CEFDE20128F6804300D17D2D /* Project object */ = {
			isa = PBXProject;
			attributes = {
				BuildIndependentTargetsInParallel = 1;
				LastSwiftUpdateCheck = 1340;
				LastUpgradeCheck = 1340;
				TargetAttributes = {
					CEFDE20828F6804300D17D2D = {
						CreatedOnToolsVersion = 13.4.1;
					};
				};
			};
			buildConfigurationList = CEFDE20428F6804300D17D2D /* Build configuration list for PBXProject "TwitterClone" */;
			compatibilityVersion = "Xcode 13.0";
			developmentRegion = en;
			hasScannedForEncodings = 0;
			knownRegions = (
				en,
				Base,
			);
			mainGroup = CEFDE20028F6804300D17D2D;
			productRefGroup = CEFDE20A28F6804300D17D2D /* Products */;
			projectDirPath = "";
			projectRoot = "";
			targets = (
				CEFDE20828F6804300D17D2D /* TwitterClone */,
			);
		};
/* End PBXProject section */

/* Begin PBXResourcesBuildPhase section */
		CEFDE20728F6804300D17D2D /* Resources */ = {
			isa = PBXResourcesBuildPhase;
			buildActionMask = 2147483647;
			files = (
				CEFDE21928F6804600D17D2D /* LaunchScreen.storyboard in Resources */,
				CEAE103E28FA5BBD0090DE67 /* GoogleService-Info.plist in Resources */,
				CEFDE21628F6804600D17D2D /* Assets.xcassets in Resources */,
				CEFDE21428F6804300D17D2D /* Main.storyboard in Resources */,
			);
			runOnlyForDeploymentPostprocessing = 0;
		};
/* End PBXResourcesBuildPhase section */

/* Begin PBXShellScriptBuildPhase section */
		206DFD2F1CDB607022DC400C /* [CP] Embed Pods Frameworks */ = {
			isa = PBXShellScriptBuildPhase;
			buildActionMask = 2147483647;
			files = (
			);
			inputFileListPaths = (
				"${PODS_ROOT}/Target Support Files/Pods-TwitterClone/Pods-TwitterClone-frameworks-${CONFIGURATION}-input-files.xcfilelist",
			);
			name = "[CP] Embed Pods Frameworks";
			outputFileListPaths = (
				"${PODS_ROOT}/Target Support Files/Pods-TwitterClone/Pods-TwitterClone-frameworks-${CONFIGURATION}-output-files.xcfilelist",
			);
			runOnlyForDeploymentPostprocessing = 0;
			shellPath = /bin/sh;
			shellScript = "\"${PODS_ROOT}/Target Support Files/Pods-TwitterClone/Pods-TwitterClone-frameworks.sh\"\n";
			showEnvVarsInLog = 0;
		};
		9982730E2857A16B518F1670 /* [CP] Check Pods Manifest.lock */ = {
			isa = PBXShellScriptBuildPhase;
			buildActionMask = 2147483647;
			files = (
			);
			inputFileListPaths = (
			);
			inputPaths = (
				"${PODS_PODFILE_DIR_PATH}/Podfile.lock",
				"${PODS_ROOT}/Manifest.lock",
			);
			name = "[CP] Check Pods Manifest.lock";
			outputFileListPaths = (
			);
			outputPaths = (
				"$(DERIVED_FILE_DIR)/Pods-TwitterClone-checkManifestLockResult.txt",
			);
			runOnlyForDeploymentPostprocessing = 0;
			shellPath = /bin/sh;
			shellScript = "diff \"${PODS_PODFILE_DIR_PATH}/Podfile.lock\" \"${PODS_ROOT}/Manifest.lock\" > /dev/null\nif [ $? != 0 ] ; then\n    # print error to STDERR\n    echo \"error: The sandbox is not in sync with the Podfile.lock. Run 'pod install' or update your CocoaPods installation.\" >&2\n    exit 1\nfi\n# This output is used by Xcode 'outputs' to avoid re-running this script phase.\necho \"SUCCESS\" > \"${SCRIPT_OUTPUT_FILE_0}\"\n";
			showEnvVarsInLog = 0;
		};
/* End PBXShellScriptBuildPhase section */

/* Begin PBXSourcesBuildPhase section */
		CEFDE20528F6804300D17D2D /* Sources */ = {
			isa = PBXSourcesBuildPhase;
			buildActionMask = 2147483647;
			files = (
				CEBEC5E62902874A001A3BF7 /* UserService.swift in Sources */,
				CEFDE22D28F685B000D17D2D /* NotificationsController.swift in Sources */,
				CECA03E3290315DA00EEBAC4 /* InputTextView.swift in Sources */,
				CE1039512905972A00EDE5B7 /* ProfileFilterCell.swift in Sources */,
				CEFDE20D28F6804300D17D2D /* AppDelegate.swift in Sources */,
				CE103955290696DD00EDE5B7 /* UserCell.swift in Sources */,
				CEFDE23828F7A2C300D17D2D /* Utilities.swift in Sources */,
				CEC1AA4329118484003C8CD8 /* EditProfileController.swift in Sources */,
				CEC1FECE29097715001AFB0F /* ActionSheetCell.swift in Sources */,
				CEFDE23628F6ABD900D17D2D /* RegisteractionController.swift in Sources */,
				CEC0213E290E354E0061BE8B /* NotificationViewModel.swift in Sources */,
				CEFDE22F28F685BF00D17D2D /* ConversationsController.swift in Sources */,
				CE1039572907AF0400EDE5B7 /* TweetController.swift in Sources */,
				CECA03ED290559FF00EEBAC4 /* ProfileController.swift in Sources */,
				CE10395B290830FD00EDE5B7 /* UploadTweetViewModel.swift in Sources */,
				CE10394D2905882B00EDE5B7 /* ProfileHeader.swift in Sources */,
				CE79A3DF291194D0004AA7A2 /* EditProfileCell.swift in Sources */,
				CECA03E9290508EA00EEBAC4 /* TweetCell.swift in Sources */,
				CEFDE23128F6A1D200D17D2D /* Extensions.swift in Sources */,
				CEC1FED2290AC7EC001AFB0F /* Notification.swift in Sources */,
				CE55C11A2900441600CF6947 /* AuthService.swift in Sources */,
				CE1039532906336900EDE5B7 /* ProfileHeaderViewModel.swift in Sources */,
				CECA03E12903093200EEBAC4 /* UploadTweetController.swift in Sources */,
				CEBEC5E829028EBC001A3BF7 /* User.swift in Sources */,
				CE79A3DB29118EFD004AA7A2 /* EditProfileHeader.swift in Sources */,
				CEFDE22B28F6859600D17D2D /* ExploreController.swift in Sources */,
				CEFDE20F28F6804300D17D2D /* SceneDelegate.swift in Sources */,
				CEC1FED4290AED08001AFB0F /* NotificationService.swift in Sources */,
				CEFDE22728F6829800D17D2D /* MainTabController.swift in Sources */,
				CE1039592907B3F300EDE5B7 /* TweetHeader.swift in Sources */,
				CECA03EB290550A800EEBAC4 /* TweetViewModel.swift in Sources */,
				CEC1FED029099E45001AFB0F /* ActionSheetViewModel.swift in Sources */,
				CE2153A7290AF6F80076EEAC /* NotificationCell.swift in Sources */,
				CE79A3DD29119434004AA7A2 /* EditProfileViewModel.swift in Sources */,
				CEFDE23428F6AA9B00D17D2D /* LoginController.swift in Sources */,
				CEFDE22928F684F100D17D2D /* FeedController.swift in Sources */,
				CE10394F290594B800EDE5B7 /* ProfileFIlterView.swift in Sources */,
				CE55C118290005FB00CF6947 /* Constants.swift in Sources */,
				CEC1FECC2909456E001AFB0F /* ActionSheetLauncher.swift in Sources */,
				CECA03E72904FE4700EEBAC4 /* Tweet.swift in Sources */,
				CECA03E529031AC300EEBAC4 /* TweetService.swift in Sources */,
			);
			runOnlyForDeploymentPostprocessing = 0;
		};
/* End PBXSourcesBuildPhase section */

/* Begin PBXVariantGroup section */
		CEFDE21228F6804300D17D2D /* Main.storyboard */ = {
			isa = PBXVariantGroup;
			children = (
				CEFDE21328F6804300D17D2D /* Base */,
			);
			name = Main.storyboard;
			sourceTree = "<group>";
		};
		CEFDE21728F6804600D17D2D /* LaunchScreen.storyboard */ = {
			isa = PBXVariantGroup;
			children = (
				CEFDE21828F6804600D17D2D /* Base */,
			);
			name = LaunchScreen.storyboard;
			sourceTree = "<group>";
		};
/* End PBXVariantGroup section */

/* Begin XCBuildConfiguration section */
		CEFDE21B28F6804600D17D2D /* Debug */ = {
			isa = XCBuildConfiguration;
			buildSettings = {
				ALWAYS_SEARCH_USER_PATHS = NO;
				CLANG_ANALYZER_NONNULL = YES;
				CLANG_ANALYZER_NUMBER_OBJECT_CONVERSION = YES_AGGRESSIVE;
				CLANG_CXX_LANGUAGE_STANDARD = "gnu++17";
				CLANG_ENABLE_MODULES = YES;
				CLANG_ENABLE_OBJC_ARC = YES;
				CLANG_ENABLE_OBJC_WEAK = YES;
				CLANG_WARN_BLOCK_CAPTURE_AUTORELEASING = YES;
				CLANG_WARN_BOOL_CONVERSION = YES;
				CLANG_WARN_COMMA = YES;
				CLANG_WARN_CONSTANT_CONVERSION = YES;
				CLANG_WARN_DEPRECATED_OBJC_IMPLEMENTATIONS = YES;
				CLANG_WARN_DIRECT_OBJC_ISA_USAGE = YES_ERROR;
				CLANG_WARN_DOCUMENTATION_COMMENTS = YES;
				CLANG_WARN_EMPTY_BODY = YES;
				CLANG_WARN_ENUM_CONVERSION = YES;
				CLANG_WARN_INFINITE_RECURSION = YES;
				CLANG_WARN_INT_CONVERSION = YES;
				CLANG_WARN_NON_LITERAL_NULL_CONVERSION = YES;
				CLANG_WARN_OBJC_IMPLICIT_RETAIN_SELF = YES;
				CLANG_WARN_OBJC_LITERAL_CONVERSION = YES;
				CLANG_WARN_OBJC_ROOT_CLASS = YES_ERROR;
				CLANG_WARN_QUOTED_INCLUDE_IN_FRAMEWORK_HEADER = YES;
				CLANG_WARN_RANGE_LOOP_ANALYSIS = YES;
				CLANG_WARN_STRICT_PROTOTYPES = YES;
				CLANG_WARN_SUSPICIOUS_MOVE = YES;
				CLANG_WARN_UNGUARDED_AVAILABILITY = YES_AGGRESSIVE;
				CLANG_WARN_UNREACHABLE_CODE = YES;
				CLANG_WARN__DUPLICATE_METHOD_MATCH = YES;
				COPY_PHASE_STRIP = NO;
				DEBUG_INFORMATION_FORMAT = dwarf;
				ENABLE_STRICT_OBJC_MSGSEND = YES;
				ENABLE_TESTABILITY = YES;
				GCC_C_LANGUAGE_STANDARD = gnu11;
				GCC_DYNAMIC_NO_PIC = NO;
				GCC_NO_COMMON_BLOCKS = YES;
				GCC_OPTIMIZATION_LEVEL = 0;
				GCC_PREPROCESSOR_DEFINITIONS = (
					"DEBUG=1",
					"$(inherited)",
				);
				GCC_WARN_64_TO_32_BIT_CONVERSION = YES;
				GCC_WARN_ABOUT_RETURN_TYPE = YES_ERROR;
				GCC_WARN_UNDECLARED_SELECTOR = YES;
				GCC_WARN_UNINITIALIZED_AUTOS = YES_AGGRESSIVE;
				GCC_WARN_UNUSED_FUNCTION = YES;
				GCC_WARN_UNUSED_VARIABLE = YES;
				IPHONEOS_DEPLOYMENT_TARGET = 15.5;
				MTL_ENABLE_DEBUG_INFO = INCLUDE_SOURCE;
				MTL_FAST_MATH = YES;
				ONLY_ACTIVE_ARCH = YES;
				SDKROOT = iphoneos;
				SWIFT_ACTIVE_COMPILATION_CONDITIONS = DEBUG;
				SWIFT_OPTIMIZATION_LEVEL = "-Onone";
			};
			name = Debug;
		};
		CEFDE21C28F6804600D17D2D /* Release */ = {
			isa = XCBuildConfiguration;
			buildSettings = {
				ALWAYS_SEARCH_USER_PATHS = NO;
				CLANG_ANALYZER_NONNULL = YES;
				CLANG_ANALYZER_NUMBER_OBJECT_CONVERSION = YES_AGGRESSIVE;
				CLANG_CXX_LANGUAGE_STANDARD = "gnu++17";
				CLANG_ENABLE_MODULES = YES;
				CLANG_ENABLE_OBJC_ARC = YES;
				CLANG_ENABLE_OBJC_WEAK = YES;
				CLANG_WARN_BLOCK_CAPTURE_AUTORELEASING = YES;
				CLANG_WARN_BOOL_CONVERSION = YES;
				CLANG_WARN_COMMA = YES;
				CLANG_WARN_CONSTANT_CONVERSION = YES;
				CLANG_WARN_DEPRECATED_OBJC_IMPLEMENTATIONS = YES;
				CLANG_WARN_DIRECT_OBJC_ISA_USAGE = YES_ERROR;
				CLANG_WARN_DOCUMENTATION_COMMENTS = YES;
				CLANG_WARN_EMPTY_BODY = YES;
				CLANG_WARN_ENUM_CONVERSION = YES;
				CLANG_WARN_INFINITE_RECURSION = YES;
				CLANG_WARN_INT_CONVERSION = YES;
				CLANG_WARN_NON_LITERAL_NULL_CONVERSION = YES;
				CLANG_WARN_OBJC_IMPLICIT_RETAIN_SELF = YES;
				CLANG_WARN_OBJC_LITERAL_CONVERSION = YES;
				CLANG_WARN_OBJC_ROOT_CLASS = YES_ERROR;
				CLANG_WARN_QUOTED_INCLUDE_IN_FRAMEWORK_HEADER = YES;
				CLANG_WARN_RANGE_LOOP_ANALYSIS = YES;
				CLANG_WARN_STRICT_PROTOTYPES = YES;
				CLANG_WARN_SUSPICIOUS_MOVE = YES;
				CLANG_WARN_UNGUARDED_AVAILABILITY = YES_AGGRESSIVE;
				CLANG_WARN_UNREACHABLE_CODE = YES;
				CLANG_WARN__DUPLICATE_METHOD_MATCH = YES;
				COPY_PHASE_STRIP = NO;
				DEBUG_INFORMATION_FORMAT = "dwarf-with-dsym";
				ENABLE_NS_ASSERTIONS = NO;
				ENABLE_STRICT_OBJC_MSGSEND = YES;
				GCC_C_LANGUAGE_STANDARD = gnu11;
				GCC_NO_COMMON_BLOCKS = YES;
				GCC_WARN_64_TO_32_BIT_CONVERSION = YES;
				GCC_WARN_ABOUT_RETURN_TYPE = YES_ERROR;
				GCC_WARN_UNDECLARED_SELECTOR = YES;
				GCC_WARN_UNINITIALIZED_AUTOS = YES_AGGRESSIVE;
				GCC_WARN_UNUSED_FUNCTION = YES;
				GCC_WARN_UNUSED_VARIABLE = YES;
				IPHONEOS_DEPLOYMENT_TARGET = 15.5;
				MTL_ENABLE_DEBUG_INFO = NO;
				MTL_FAST_MATH = YES;
				SDKROOT = iphoneos;
				SWIFT_COMPILATION_MODE = wholemodule;
				SWIFT_OPTIMIZATION_LEVEL = "-O";
				VALIDATE_PRODUCT = YES;
			};
			name = Release;
		};
		CEFDE21E28F6804600D17D2D /* Debug */ = {
			isa = XCBuildConfiguration;
			baseConfigurationReference = 1431243628B5F3498FDEB5C1 /* Pods-TwitterClone.debug.xcconfig */;
			buildSettings = {
				ASSETCATALOG_COMPILER_APPICON_NAME = AppIcon;
				ASSETCATALOG_COMPILER_GLOBAL_ACCENT_COLOR_NAME = AccentColor;
				CODE_SIGN_STYLE = Automatic;
				CURRENT_PROJECT_VERSION = 1;
				DEVELOPMENT_TEAM = GC62836342;
				GENERATE_INFOPLIST_FILE = YES;
				INFOPLIST_FILE = TwitterClone/Info.plist;
				INFOPLIST_KEY_UIApplicationSupportsIndirectInputEvents = YES;
				INFOPLIST_KEY_UILaunchStoryboardName = LaunchScreen;
				INFOPLIST_KEY_UIMainStoryboardFile = Main;
				INFOPLIST_KEY_UISupportedInterfaceOrientations_iPad = "UIInterfaceOrientationPortrait UIInterfaceOrientationPortraitUpsideDown UIInterfaceOrientationLandscapeLeft UIInterfaceOrientationLandscapeRight";
				INFOPLIST_KEY_UISupportedInterfaceOrientations_iPhone = "UIInterfaceOrientationPortrait UIInterfaceOrientationLandscapeLeft UIInterfaceOrientationLandscapeRight";
				LD_RUNPATH_SEARCH_PATHS = (
					"$(inherited)",
					"@executable_path/Frameworks",
				);
				MARKETING_VERSION = 1.0;
				PRODUCT_BUNDLE_IDENTIFIER = com.naver.gomji81.TwitterClone;
				PRODUCT_NAME = "$(TARGET_NAME)";
				SWIFT_EMIT_LOC_STRINGS = YES;
				SWIFT_VERSION = 5.0;
				TARGETED_DEVICE_FAMILY = "1,2";
			};
			name = Debug;
		};
		CEFDE21F28F6804600D17D2D /* Release */ = {
			isa = XCBuildConfiguration;
			baseConfigurationReference = 575422C39B6158D2330A1395 /* Pods-TwitterClone.release.xcconfig */;
			buildSettings = {
				ASSETCATALOG_COMPILER_APPICON_NAME = AppIcon;
				ASSETCATALOG_COMPILER_GLOBAL_ACCENT_COLOR_NAME = AccentColor;
				CODE_SIGN_STYLE = Automatic;
				CURRENT_PROJECT_VERSION = 1;
				DEVELOPMENT_TEAM = GC62836342;
				GENERATE_INFOPLIST_FILE = YES;
				INFOPLIST_FILE = TwitterClone/Info.plist;
				INFOPLIST_KEY_UIApplicationSupportsIndirectInputEvents = YES;
				INFOPLIST_KEY_UILaunchStoryboardName = LaunchScreen;
				INFOPLIST_KEY_UIMainStoryboardFile = Main;
				INFOPLIST_KEY_UISupportedInterfaceOrientations_iPad = "UIInterfaceOrientationPortrait UIInterfaceOrientationPortraitUpsideDown UIInterfaceOrientationLandscapeLeft UIInterfaceOrientationLandscapeRight";
				INFOPLIST_KEY_UISupportedInterfaceOrientations_iPhone = "UIInterfaceOrientationPortrait UIInterfaceOrientationLandscapeLeft UIInterfaceOrientationLandscapeRight";
				LD_RUNPATH_SEARCH_PATHS = (
					"$(inherited)",
					"@executable_path/Frameworks",
				);
				MARKETING_VERSION = 1.0;
				PRODUCT_BUNDLE_IDENTIFIER = com.naver.gomji81.TwitterClone;
				PRODUCT_NAME = "$(TARGET_NAME)";
				SWIFT_EMIT_LOC_STRINGS = YES;
				SWIFT_VERSION = 5.0;
				TARGETED_DEVICE_FAMILY = "1,2";
			};
			name = Release;
		};
/* End XCBuildConfiguration section */

/* Begin XCConfigurationList section */
		CEFDE20428F6804300D17D2D /* Build configuration list for PBXProject "TwitterClone" */ = {
			isa = XCConfigurationList;
			buildConfigurations = (
				CEFDE21B28F6804600D17D2D /* Debug */,
				CEFDE21C28F6804600D17D2D /* Release */,
			);
			defaultConfigurationIsVisible = 0;
			defaultConfigurationName = Release;
		};
		CEFDE21D28F6804600D17D2D /* Build configuration list for PBXNativeTarget "TwitterClone" */ = {
			isa = XCConfigurationList;
			buildConfigurations = (
				CEFDE21E28F6804600D17D2D /* Debug */,
				CEFDE21F28F6804600D17D2D /* Release */,
			);
			defaultConfigurationIsVisible = 0;
			defaultConfigurationName = Release;
		};
/* End XCConfigurationList section */
	};
	rootObject = CEFDE20128F6804300D17D2D /* Project object */;
}
